<?xml version="1.0" encoding="utf-8"?>
<Project ToolsVersion="4.0" xmlns="http://schemas.microsoft.com/developer/msbuild/2003">
  <ItemGroup>
    <Filter Include="invertix">
      <UniqueIdentifier>{FE98DE90-EA65-399C-137F-2744FFAA6E2A}</UniqueIdentifier>
    </Filter>
    <Filter Include="invertix\events">
      <UniqueIdentifier>{428FEFC0-AE1A-5D85-B72B-E0792336B985}</UniqueIdentifier>
    </Filter>
    <Filter Include="invertix\imgui">
      <UniqueIdentifier>{E8EC04A9-D4BA-F8AE-BD4E-69D5A9BBD413}</UniqueIdentifier>
    </Filter>
    <Filter Include="platform">
      <UniqueIdentifier>{4A63C33C-3630-1E48-5F49-0CF04B7553D6}</UniqueIdentifier>
    </Filter>
    <Filter Include="platform\opengl">
      <UniqueIdentifier>{9E4DBFD0-0AD9-2C95-13EA-AF897FF48895}</UniqueIdentifier>
    </Filter>
  </ItemGroup>
  <ItemGroup>
    <ClInclude Include="src\invertix.h" />
    <ClInclude Include="src\invertix\application.h">
      <Filter>invertix</Filter>
    </ClInclude>
    <ClInclude Include="src\invertix\core.h">
      <Filter>invertix</Filter>
    </ClInclude>
    <ClInclude Include="src\invertix\entry_point.h">
      <Filter>invertix</Filter>
    </ClInclude>
    <ClInclude Include="src\invertix\events\application_event.h">
      <Filter>invertix\events</Filter>
    </ClInclude>
    <ClInclude Include="src\invertix\events\event.h">
      <Filter>invertix\events</Filter>
    </ClInclude>
    <ClInclude Include="src\invertix\events\key_event.h">
      <Filter>invertix\events</Filter>
    </ClInclude>
    <ClInclude Include="src\invertix\events\mouse_event.h">
      <Filter>invertix\events</Filter>
    </ClInclude>
    <ClInclude Include="src\invertix\imgui\imgui_layer.h">
      <Filter>invertix\imgui</Filter>
    </ClInclude>
    <ClInclude Include="src\invertix\layer.h">
      <Filter>invertix</Filter>
    </ClInclude>
    <ClInclude Include="src\invertix\layer_stack.h">
      <Filter>invertix</Filter>
    </ClInclude>
    <ClInclude Include="src\invertix\logger.h">
      <Filter>invertix</Filter>
    </ClInclude>
    <ClInclude Include="src\invertix\window.h">
      <Filter>invertix</Filter>
    </ClInclude>
    <ClInclude Include="src\ivx_pch.h" />
    <ClInclude Include="src\platform\opengl\imgui_opengl_renderer.h">
      <Filter>platform\opengl</Filter>
    </ClInclude>
    <ClInclude Include="src\platform\win_window.h">
      <Filter>platform</Filter>
    </ClInclude>
  </ItemGroup>
  <ItemGroup>
    <ClCompile Include="src\invertix\application.cpp">
      <Filter>invertix</Filter>
    </ClCompile>
    <ClCompile Include="src\invertix\imgui\imgui_layer.cpp">
      <Filter>invertix\imgui</Filter>
    </ClCompile>
    <ClCompile Include="src\invertix\layer.cpp">
      <Filter>invertix</Filter>
    </ClCompile>
    <ClCompile Include="src\invertix\layer_stack.cpp">
      <Filter>invertix</Filter>
    </ClCompile>
    <ClCompile Include="src\invertix\logger.cpp">
      <Filter>invertix</Filter>
    </ClCompile>
    <ClCompile Include="src\ivx_pch.cpp" />
    <ClCompile Include="src\platform\opengl\imgui_opengl_renderer.cpp">
      <Filter>platform\opengl</Filter>
    </ClCompile>
    <ClCompile Include="src\platform\win_window.cpp">
      <Filter>platform</Filter>
    </ClCompile>
  </ItemGroup>
</Project>